
Microsoft Visual Studio Solution File, Format Version 12.00
# Visual Studio Version 17
VisualStudioVersion = 17.2.32516.85
MinimumVisualStudioVersion = 10.0.40219.1
Project("{9A19103F-16F7-4668-BE54-9A1E7A4F7556}") = "Model", "Model\Model.csproj", "{648FD1F1-72F6-4A23-8128-64B41F9E317F}"
EndProject
Project("{9A19103F-16F7-4668-BE54-9A1E7A4F7556}") = "BikeShop", "BikeShop\BikeShop.csproj", "{4B98DA2A-992C-47B2-B084-D0D0BDE0A6B8}"
EndProject
Project("{9A19103F-16F7-4668-BE54-9A1E7A4F7556}") = "Service", "Service\Service.csproj", "{963BE7D9-1499-40A7-BDEA-DC44F8C59471}"
EndProject
Project("{9A19103F-16F7-4668-BE54-9A1E7A4F7556}") = "Repository", "Repository\Repository.csproj", "{41E7B8E1-634A-4C46-B0D9-C570FB7D09C7}"
EndProject
Project("{FAE04EC0-301F-11D3-BF4B-00C04F79EFBC}") = "BikeAngularShop", "BikeAngularShop\BikeAngularShop.csproj", "{94807C12-1533-4FCF-8EEF-1A4925D2AFC1}"
EndProject
Global
	GlobalSection(SolutionConfigurationPlatforms) = preSolution
		Debug|Any CPU = Debug|Any CPU
		Release|Any CPU = Release|Any CPU
	EndGlobalSection
	GlobalSection(ProjectConfigurationPlatforms) = postSolution
		{648FD1F1-72F6-4A23-8128-64B41F9E317F}.Debug|Any CPU.ActiveCfg = Debug|Any CPU
		{648FD1F1-72F6-4A23-8128-64B41F9E317F}.Debug|Any CPU.Build.0 = Debug|Any CPU
		{648FD1F1-72F6-4A23-8128-64B41F9E317F}.Release|Any CPU.ActiveCfg = Release|Any CPU
		{648FD1F1-72F6-4A23-8128-64B41F9E317F}.Release|Any CPU.Build.0 = Release|Any CPU
		{4B98DA2A-992C-47B2-B084-D0D0BDE0A6B8}.Debug|Any CPU.ActiveCfg = Debug|Any CPU
		{4B98DA2A-992C-47B2-B084-D0D0BDE0A6B8}.Debug|Any CPU.Build.0 = Debug|Any CPU
		{4B98DA2A-992C-47B2-B084-D0D0BDE0A6B8}.Release|Any CPU.ActiveCfg = Release|Any CPU
		{4B98DA2A-992C-47B2-B084-D0D0BDE0A6B8}.Release|Any CPU.Build.0 = Release|Any CPU
		{963BE7D9-1499-40A7-BDEA-DC44F8C59471}.Debug|Any CPU.ActiveCfg = Debug|Any CPU
		{963BE7D9-1499-40A7-BDEA-DC44F8C59471}.Debug|Any CPU.Build.0 = Debug|Any CPU
		{963BE7D9-1499-40A7-BDEA-DC44F8C59471}.Release|Any CPU.ActiveCfg = Release|Any CPU
		{963BE7D9-1499-40A7-BDEA-DC44F8C59471}.Release|Any CPU.Build.0 = Release|Any CPU
		{41E7B8E1-634A-4C46-B0D9-C570FB7D09C7}.Debug|Any CPU.ActiveCfg = Debug|Any CPU
		{41E7B8E1-634A-4C46-B0D9-C570FB7D09C7}.Debug|Any CPU.Build.0 = Debug|Any CPU
		{41E7B8E1-634A-4C46-B0D9-C570FB7D09C7}.Release|Any CPU.ActiveCfg = Release|Any CPU
		{41E7B8E1-634A-4C46-B0D9-C570FB7D09C7}.Release|Any CPU.Build.0 = Release|Any CPU
		{94807C12-1533-4FCF-8EEF-1A4925D2AFC1}.Debug|Any CPU.ActiveCfg = Debug|Any CPU
		{94807C12-1533-4FCF-8EEF-1A4925D2AFC1}.Debug|Any CPU.Build.0 = Debug|Any CPU
		{94807C12-1533-4FCF-8EEF-1A4925D2AFC1}.Release|Any CPU.ActiveCfg = Release|Any CPU
		{94807C12-1533-4FCF-8EEF-1A4925D2AFC1}.Release|Any CPU.Build.0 = Release|Any CPU
	EndGlobalSection
	GlobalSection(SolutionProperties) = preSolution
		HideSolutionNode = FALSE
	EndGlobalSection
	GlobalSection(ExtensibilityGlobals) = postSolution
		SolutionGuid = {14610A83-F3B8-45AE-BD53-7912AEE78B27}
	EndGlobalSection
EndGlobal
